
Microsoft Visual Studio Solution File, Format Version 12.00
# Visual Studio 15
VisualStudioVersion = 15.0.28307.1831
MinimumVisualStudioVersion = 10.0.40219.1
Project("{8BC9CEB8-8B4A-11D0-8D11-00A0C91BC942}") = "IntroductionOOP", "IntroductionOOP\IntroductionOOP.vcxproj", "{FC3C50C6-C13D-4E4C-80BA-38743719A0E9}"
EndProject
Project("{8BC9CEB8-8B4A-11D0-8D11-00A0C91BC942}") = "Fraction", "Fraction\Fraction.vcxproj", "{41710480-2077-4FC8-95B9-FA49A50556BC}"
EndProject
Global
	GlobalSection(SolutionConfigurationPlatforms) = preSolution
		Debug|x64 = Debug|x64
		Debug|x86 = Debug|x86
		Release|x64 = Release|x64
		Release|x86 = Release|x86
	EndGlobalSection
	GlobalSection(ProjectConfigurationPlatforms) = postSolution
		{FC3C50C6-C13D-4E4C-80BA-38743719A0E9}.Debug|x64.ActiveCfg = Debug|x64
		{FC3C50C6-C13D-4E4C-80BA-38743719A0E9}.Debug|x64.Build.0 = Debug|x64
		{FC3C50C6-C13D-4E4C-80BA-38743719A0E9}.Debug|x86.ActiveCfg = Debug|Win32
		{FC3C50C6-C13D-4E4C-80BA-38743719A0E9}.Debug|x86.Build.0 = Debug|Win32
		{FC3C50C6-C13D-4E4C-80BA-38743719A0E9}.Release|x64.ActiveCfg = Release|x64
		{FC3C50C6-C13D-4E4C-80BA-38743719A0E9}.Release|x64.Build.0 = Release|x64
		{FC3C50C6-C13D-4E4C-80BA-38743719A0E9}.Release|x86.ActiveCfg = Release|Win32
		{FC3C50C6-C13D-4E4C-80BA-38743719A0E9}.Release|x86.Build.0 = Release|Win32
		{41710480-2077-4FC8-95B9-FA49A50556BC}.Debug|x64.ActiveCfg = Debug|x64
		{41710480-2077-4FC8-95B9-FA49A50556BC}.Debug|x64.Build.0 = Debug|x64
		{41710480-2077-4FC8-95B9-FA49A50556BC}.Debug|x86.ActiveCfg = Debug|Win32
		{41710480-2077-4FC8-95B9-FA49A50556BC}.Debug|x86.Build.0 = Debug|Win32
		{41710480-2077-4FC8-95B9-FA49A50556BC}.Release|x64.ActiveCfg = Release|x64
		{41710480-2077-4FC8-95B9-FA49A50556BC}.Release|x64.Build.0 = Release|x64
		{41710480-2077-4FC8-95B9-FA49A50556BC}.Release|x86.ActiveCfg = Release|Win32
		{41710480-2077-4FC8-95B9-FA49A50556BC}.Release|x86.Build.0 = Release|Win32
	EndGlobalSection
	GlobalSection(SolutionProperties) = preSolution
		HideSolutionNode = FALSE
	EndGlobalSection
	GlobalSection(ExtensibilityGlobals) = postSolution
		SolutionGuid = {48A56286-1A6E-45CB-8F41-5648A2662059}
	EndGlobalSection
EndGlobal
